// !$*UTF8*$!
{
	archiveVersion = 1;
	classes = {
	};
	objectVersion = 48;
	objects = {

/* Begin PBXBuildFile section */
		2F278EDC20A3605400BBAD91 /* CoreData.framework in Frameworks */ = {isa = PBXBuildFile; fileRef = 2F278EDB20A3602E00BBAD91 /* CoreData.framework */; };
		2F278EDF20A3626E00BBAD91 /* Model.xcdatamodeld in Sources */ = {isa = PBXBuildFile; fileRef = 2F278EDD20A3626E00BBAD91 /* Model.xcdatamodeld */; };
		2FA8F5D8209B4D45000C6BB5 /* AppDelegate.swift in Sources */ = {isa = PBXBuildFile; fileRef = 2FA8F5D7209B4D45000C6BB5 /* AppDelegate.swift */; };
		2FA8F5DD209B4D45000C6BB5 /* Main.storyboard in Resources */ = {isa = PBXBuildFile; fileRef = 2FA8F5DB209B4D45000C6BB5 /* Main.storyboard */; };
		2FA8F5DF209B4D45000C6BB5 /* Assets.xcassets in Resources */ = {isa = PBXBuildFile; fileRef = 2FA8F5DE209B4D45000C6BB5 /* Assets.xcassets */; };
		2FA8F5E2209B4D45000C6BB5 /* LaunchScreen.storyboard in Resources */ = {isa = PBXBuildFile; fileRef = 2FA8F5E0209B4D45000C6BB5 /* LaunchScreen.storyboard */; };
		2FA8F5EA209B4EBD000C6BB5 /* Connectivity.swift in Sources */ = {isa = PBXBuildFile; fileRef = 2FA8F5E9209B4EBD000C6BB5 /* Connectivity.swift */; };
		2FA8F5EC209B5F8E000C6BB5 /* ContactPage.swift in Sources */ = {isa = PBXBuildFile; fileRef = 2FA8F5EB209B5F8E000C6BB5 /* ContactPage.swift */; };
		2FA8F5EE209C9690000C6BB5 /* ApiManager.swift in Sources */ = {isa = PBXBuildFile; fileRef = 2FA8F5ED209C9690000C6BB5 /* ApiManager.swift */; };
		2FA8F5F0209C9A34000C6BB5 /* ConstantFile.swift in Sources */ = {isa = PBXBuildFile; fileRef = 2FA8F5EF209C9A34000C6BB5 /* ConstantFile.swift */; };
		2FA8F5F2209C9C2B000C6BB5 /* UserContact.swift in Sources */ = {isa = PBXBuildFile; fileRef = 2FA8F5F1209C9C2B000C6BB5 /* UserContact.swift */; };
		2FA8F5F4209C9E7B000C6BB5 /* UserCell.swift in Sources */ = {isa = PBXBuildFile; fileRef = 2FA8F5F3209C9E7B000C6BB5 /* UserCell.swift */; };
		2FA8F5F620A2021A000C6BB5 /* DetailContactPage.swift in Sources */ = {isa = PBXBuildFile; fileRef = 2FA8F5F520A2021A000C6BB5 /* DetailContactPage.swift */; };
		DB0EBF611967B07D7921044F /* Pods_Contact_Manager.framework in Frameworks */ = {isa = PBXBuildFile; fileRef = CECC544EA7EF2F4F107E53B5 /* Pods_Contact_Manager.framework */; };
/* End PBXBuildFile section */

/* Begin PBXFileReference section */
		232A8A5AB58CF32185C49299 /* Pods-Contact Manager.debug.xcconfig */ = {isa = PBXFileReference; includeInIndex = 1; lastKnownFileType = text.xcconfig; name = "Pods-Contact Manager.debug.xcconfig"; path = "Pods/Target Support Files/Pods-Contact Manager/Pods-Contact Manager.debug.xcconfig"; sourceTree = "<group>"; };
		2F278EDB20A3602E00BBAD91 /* CoreData.framework */ = {isa = PBXFileReference; lastKnownFileType = wrapper.framework; name = CoreData.framework; path = System/Library/Frameworks/CoreData.framework; sourceTree = SDKROOT; };
		2F278EDE20A3626E00BBAD91 /* Model.xcdatamodel */ = {isa = PBXFileReference; lastKnownFileType = wrapper.xcdatamodel; path = Model.xcdatamodel; sourceTree = "<group>"; };
		2FA8F5D4209B4D45000C6BB5 /* Contact Manager.app */ = {isa = PBXFileReference; explicitFileType = wrapper.application; includeInIndex = 0; path = "Contact Manager.app"; sourceTree = BUILT_PRODUCTS_DIR; };
		2FA8F5D7209B4D45000C6BB5 /* AppDelegate.swift */ = {isa = PBXFileReference; lastKnownFileType = sourcecode.swift; path = AppDelegate.swift; sourceTree = "<group>"; };
		2FA8F5DC209B4D45000C6BB5 /* Base */ = {isa = PBXFileReference; lastKnownFileType = file.storyboard; name = Base; path = Base.lproj/Main.storyboard; sourceTree = "<group>"; };
		2FA8F5DE209B4D45000C6BB5 /* Assets.xcassets */ = {isa = PBXFileReference; lastKnownFileType = folder.assetcatalog; path = Assets.xcassets; sourceTree = "<group>"; };
		2FA8F5E1209B4D45000C6BB5 /* Base */ = {isa = PBXFileReference; lastKnownFileType = file.storyboard; name = Base; path = Base.lproj/LaunchScreen.storyboard; sourceTree = "<group>"; };
		2FA8F5E3209B4D45000C6BB5 /* Info.plist */ = {isa = PBXFileReference; lastKnownFileType = text.plist.xml; path = Info.plist; sourceTree = "<group>"; };
		2FA8F5E9209B4EBD000C6BB5 /* Connectivity.swift */ = {isa = PBXFileReference; lastKnownFileType = sourcecode.swift; path = Connectivity.swift; sourceTree = "<group>"; };
		2FA8F5EB209B5F8E000C6BB5 /* ContactPage.swift */ = {isa = PBXFileReference; lastKnownFileType = sourcecode.swift; path = ContactPage.swift; sourceTree = "<group>"; };
		2FA8F5ED209C9690000C6BB5 /* ApiManager.swift */ = {isa = PBXFileReference; lastKnownFileType = sourcecode.swift; path = ApiManager.swift; sourceTree = "<group>"; };
		2FA8F5EF209C9A34000C6BB5 /* ConstantFile.swift */ = {isa = PBXFileReference; lastKnownFileType = sourcecode.swift; path = ConstantFile.swift; sourceTree = "<group>"; };
		2FA8F5F1209C9C2B000C6BB5 /* UserContact.swift */ = {isa = PBXFileReference; lastKnownFileType = sourcecode.swift; path = UserContact.swift; sourceTree = "<group>"; };
		2FA8F5F3209C9E7B000C6BB5 /* UserCell.swift */ = {isa = PBXFileReference; lastKnownFileType = sourcecode.swift; path = UserCell.swift; sourceTree = "<group>"; };
		2FA8F5F520A2021A000C6BB5 /* DetailContactPage.swift */ = {isa = PBXFileReference; lastKnownFileType = sourcecode.swift; path = DetailContactPage.swift; sourceTree = "<group>"; };
		542ECB022C1F594F08FAE487 /* Pods-Contact Manager.release.xcconfig */ = {isa = PBXFileReference; includeInIndex = 1; lastKnownFileType = text.xcconfig; name = "Pods-Contact Manager.release.xcconfig"; path = "Pods/Target Support Files/Pods-Contact Manager/Pods-Contact Manager.release.xcconfig"; sourceTree = "<group>"; };
		CECC544EA7EF2F4F107E53B5 /* Pods_Contact_Manager.framework */ = {isa = PBXFileReference; explicitFileType = wrapper.framework; includeInIndex = 0; path = Pods_Contact_Manager.framework; sourceTree = BUILT_PRODUCTS_DIR; };
/* End PBXFileReference section */

/* Begin PBXFrameworksBuildPhase section */
		2FA8F5D1209B4D45000C6BB5 /* Frameworks */ = {
			isa = PBXFrameworksBuildPhase;
			buildActionMask = 2147483647;
			files = (
				2F278EDC20A3605400BBAD91 /* CoreData.framework in Frameworks */,
				DB0EBF611967B07D7921044F /* Pods_Contact_Manager.framework in Frameworks */,
			);
			runOnlyForDeploymentPostprocessing = 0;
		};
/* End PBXFrameworksBuildPhase section */

/* Begin PBXGroup section */
		2FA8F5CB209B4D45000C6BB5 = {
			isa = PBXGroup;
			children = (
				2FA8F5D6209B4D45000C6BB5 /* Contact Manager */,
				2FA8F5D5209B4D45000C6BB5 /* Products */,
				F79D5BD531DF5D622B45FA4D /* Pods */,
				6D456E0ADE7CD5ED11D3CC0C /* Frameworks */,
			);
			sourceTree = "<group>";
		};
		2FA8F5D5209B4D45000C6BB5 /* Products */ = {
			isa = PBXGroup;
			children = (
				2FA8F5D4209B4D45000C6BB5 /* Contact Manager.app */,
			);
			name = Products;
			sourceTree = "<group>";
		};
		2FA8F5D6209B4D45000C6BB5 /* Contact Manager */ = {
			isa = PBXGroup;
			children = (
				2FA8F5D7209B4D45000C6BB5 /* AppDelegate.swift */,
				2FA8F5EB209B5F8E000C6BB5 /* ContactPage.swift */,
				2FA8F5F520A2021A000C6BB5 /* DetailContactPage.swift */,
				2FA8F5F3209C9E7B000C6BB5 /* UserCell.swift */,
				2FA8F5E9209B4EBD000C6BB5 /* Connectivity.swift */,
				2FA8F5ED209C9690000C6BB5 /* ApiManager.swift */,
				2FA8F5EF209C9A34000C6BB5 /* ConstantFile.swift */,
				2FA8F5F1209C9C2B000C6BB5 /* UserContact.swift */,
				2F278EDD20A3626E00BBAD91 /* Model.xcdatamodeld */,
				2FA8F5DB209B4D45000C6BB5 /* Main.storyboard */,
				2FA8F5DE209B4D45000C6BB5 /* Assets.xcassets */,
				2FA8F5E0209B4D45000C6BB5 /* LaunchScreen.storyboard */,
				2FA8F5E3209B4D45000C6BB5 /* Info.plist */,
			);
			path = "Contact Manager";
			sourceTree = "<group>";
		};
		6D456E0ADE7CD5ED11D3CC0C /* Frameworks */ = {
			isa = PBXGroup;
			children = (
				2F278EDB20A3602E00BBAD91 /* CoreData.framework */,
				CECC544EA7EF2F4F107E53B5 /* Pods_Contact_Manager.framework */,
			);
			name = Frameworks;
			sourceTree = "<group>";
		};
		F79D5BD531DF5D622B45FA4D /* Pods */ = {
			isa = PBXGroup;
			children = (
				232A8A5AB58CF32185C49299 /* Pods-Contact Manager.debug.xcconfig */,
				542ECB022C1F594F08FAE487 /* Pods-Contact Manager.release.xcconfig */,
			);
			name = Pods;
			sourceTree = "<group>";
		};
/* End PBXGroup section */

/* Begin PBXNativeTarget section */
		2FA8F5D3209B4D45000C6BB5 /* Contact Manager */ = {
			isa = PBXNativeTarget;
			buildConfigurationList = 2FA8F5E6209B4D45000C6BB5 /* Build configuration list for PBXNativeTarget "Contact Manager" */;
			buildPhases = (
				4E01F336BF28CCCC3944BF21 /* [CP] Check Pods Manifest.lock */,
				2FA8F5D0209B4D45000C6BB5 /* Sources */,
				2FA8F5D1209B4D45000C6BB5 /* Frameworks */,
				2FA8F5D2209B4D45000C6BB5 /* Resources */,
				E9129F823484D84CC26335EB /* [CP] Embed Pods Frameworks */,
				25863C0CCBDDAE767A457A7D /* [CP] Copy Pods Resources */,
			);
			buildRules = (
			);
			dependencies = (
			);
			name = "Contact Manager";
			productName = "Contact Manager";
			productReference = 2FA8F5D4209B4D45000C6BB5 /* Contact Manager.app */;
			productType = "com.apple.product-type.application";
		};
/* End PBXNativeTarget section */

/* Begin PBXProject section */
		2FA8F5CC209B4D45000C6BB5 /* Project object */ = {
			isa = PBXProject;
			attributes = {
				LastSwiftUpdateCheck = 0910;
				LastUpgradeCheck = 0910;
				ORGANIZATIONNAME = Vignesh;
				TargetAttributes = {
					2FA8F5D3209B4D45000C6BB5 = {
						CreatedOnToolsVersion = 9.1;
						ProvisioningStyle = Automatic;
					};
				};
			};
			buildConfigurationList = 2FA8F5CF209B4D45000C6BB5 /* Build configuration list for PBXProject "Contact Manager" */;
			compatibilityVersion = "Xcode 8.0";
			developmentRegion = en;
			hasScannedForEncodings = 0;
			knownRegions = (
				en,
				Base,
			);
			mainGroup = 2FA8F5CB209B4D45000C6BB5;
			productRefGroup = 2FA8F5D5209B4D45000C6BB5 /* Products */;
			projectDirPath = "";
			projectRoot = "";
			targets = (
				2FA8F5D3209B4D45000C6BB5 /* Contact Manager */,
			);
		};
/* End PBXProject section */

/* Begin PBXResourcesBuildPhase section */
		2FA8F5D2209B4D45000C6BB5 /* Resources */ = {
			isa = PBXResourcesBuildPhase;
			buildActionMask = 2147483647;
			files = (
				2FA8F5E2209B4D45000C6BB5 /* LaunchScreen.storyboard in Resources */,
				2FA8F5DF209B4D45000C6BB5 /* Assets.xcassets in Resources */,
				2FA8F5DD209B4D45000C6BB5 /* Main.storyboard in Resources */,
			);
			runOnlyForDeploymentPostprocessing = 0;
		};
/* End PBXResourcesBuildPhase section */

/* Begin PBXShellScriptBuildPhase section */
		25863C0CCBDDAE767A457A7D /* [CP] Copy Pods Resources */ = {
			isa = PBXShellScriptBuildPhase;
			buildActionMask = 2147483647;
			files = (
			);
			inputPaths = (
			);
			name = "[CP] Copy Pods Resources";
			outputPaths = (
			);
			runOnlyForDeploymentPostprocessing = 0;
			shellPath = /bin/sh;
			shellScript = "\"${SRCROOT}/Pods/Target Support Files/Pods-Contact Manager/Pods-Contact Manager-resources.sh\"\n";
			showEnvVarsInLog = 0;
		};
		4E01F336BF28CCCC3944BF21 /* [CP] Check Pods Manifest.lock */ = {
			isa = PBXShellScriptBuildPhase;
			buildActionMask = 2147483647;
			files = (
			);
			inputPaths = (
				"${PODS_PODFILE_DIR_PATH}/Podfile.lock",
				"${PODS_ROOT}/Manifest.lock",
			);
			name = "[CP] Check Pods Manifest.lock";
			outputPaths = (
				"$(DERIVED_FILE_DIR)/Pods-Contact Manager-checkManifestLockResult.txt",
			);
			runOnlyForDeploymentPostprocessing = 0;
			shellPath = /bin/sh;
			shellScript = "diff \"${PODS_PODFILE_DIR_PATH}/Podfile.lock\" \"${PODS_ROOT}/Manifest.lock\" > /dev/null\nif [ $? != 0 ] ; then\n    # print error to STDERR\n    echo \"error: The sandbox is not in sync with the Podfile.lock. Run 'pod install' or update your CocoaPods installation.\" >&2\n    exit 1\nfi\n# This output is used by Xcode 'outputs' to avoid re-running this script phase.\necho \"SUCCESS\" > \"${SCRIPT_OUTPUT_FILE_0}\"\n";
			showEnvVarsInLog = 0;
		};
		E9129F823484D84CC26335EB /* [CP] Embed Pods Frameworks */ = {
			isa = PBXShellScriptBuildPhase;
			buildActionMask = 2147483647;
			files = (
			);
			inputPaths = (
				"${SRCROOT}/Pods/Target Support Files/Pods-Contact Manager/Pods-Contact Manager-frameworks.sh",
				"${BUILT_PRODUCTS_DIR}/Alamofire/Alamofire.framework",
			);
			name = "[CP] Embed Pods Frameworks";
			outputPaths = (
				"${TARGET_BUILD_DIR}/${FRAMEWORKS_FOLDER_PATH}/Alamofire.framework",
			);
			runOnlyForDeploymentPostprocessing = 0;
			shellPath = /bin/sh;
			shellScript = "\"${SRCROOT}/Pods/Target Support Files/Pods-Contact Manager/Pods-Contact Manager-frameworks.sh\"\n";
			showEnvVarsInLog = 0;
		};
/* End PBXShellScriptBuildPhase section */

/* Begin PBXSourcesBuildPhase section */
		2FA8F5D0209B4D45000C6BB5 /* Sources */ = {
			isa = PBXSourcesBuildPhase;
			buildActionMask = 2147483647;
			files = (
				2FA8F5EE209C9690000C6BB5 /* ApiManager.swift in Sources */,
				2FA8F5EC209B5F8E000C6BB5 /* ContactPage.swift in Sources */,
				2FA8F5D8209B4D45000C6BB5 /* AppDelegate.swift in Sources */,
				2FA8F5F2209C9C2B000C6BB5 /* UserContact.swift in Sources */,
				2FA8F5F0209C9A34000C6BB5 /* ConstantFile.swift in Sources */,
				2F278EDF20A3626E00BBAD91 /* Model.xcdatamodeld in Sources */,
				2FA8F5EA209B4EBD000C6BB5 /* Connectivity.swift in Sources */,
				2FA8F5F620A2021A000C6BB5 /* DetailContactPage.swift in Sources */,
				2FA8F5F4209C9E7B000C6BB5 /* UserCell.swift in Sources */,
			);
			runOnlyForDeploymentPostprocessing = 0;
		};
/* End PBXSourcesBuildPhase section */

/* Begin PBXVariantGroup section */
		2FA8F5DB209B4D45000C6BB5 /* Main.storyboard */ = {
			isa = PBXVariantGroup;
			children = (
				2FA8F5DC209B4D45000C6BB5 /* Base */,
			);
			name = Main.storyboard;
			sourceTree = "<group>";
		};
		2FA8F5E0209B4D45000C6BB5 /* LaunchScreen.storyboard */ = {
			isa = PBXVariantGroup;
			children = (
				2FA8F5E1209B4D45000C6BB5 /* Base */,
			);
			name = LaunchScreen.storyboard;
			sourceTree = "<group>";
		};
/* End PBXVariantGroup section */

/* Begin XCBuildConfiguration section */
		2FA8F5E4209B4D45000C6BB5 /* Debug */ = {
			isa = XCBuildConfiguration;
			buildSettings = {
				ALWAYS_SEARCH_USER_PATHS = NO;
				CLANG_ANALYZER_NONNULL = YES;
				CLANG_ANALYZER_NUMBER_OBJECT_CONVERSION = YES_AGGRESSIVE;
				CLANG_CXX_LANGUAGE_STANDARD = "gnu++14";
				CLANG_CXX_LIBRARY = "libc++";
				CLANG_ENABLE_MODULES = YES;
				CLANG_ENABLE_OBJC_ARC = YES;
				CLANG_WARN_BLOCK_CAPTURE_AUTORELEASING = YES;
				CLANG_WARN_BOOL_CONVERSION = YES;
				CLANG_WARN_COMMA = YES;
				CLANG_WARN_CONSTANT_CONVERSION = YES;
				CLANG_WARN_DIRECT_OBJC_ISA_USAGE = YES_ERROR;
				CLANG_WARN_DOCUMENTATION_COMMENTS = YES;
				CLANG_WARN_EMPTY_BODY = YES;
				CLANG_WARN_ENUM_CONVERSION = YES;
				CLANG_WARN_INFINITE_RECURSION = YES;
				CLANG_WARN_INT_CONVERSION = YES;
				CLANG_WARN_NON_LITERAL_NULL_CONVERSION = YES;
				CLANG_WARN_OBJC_LITERAL_CONVERSION = YES;
				CLANG_WARN_OBJC_ROOT_CLASS = YES_ERROR;
				CLANG_WARN_RANGE_LOOP_ANALYSIS = YES;
				CLANG_WARN_STRICT_PROTOTYPES = YES;
				CLANG_WARN_SUSPICIOUS_MOVE = YES;
				CLANG_WARN_UNGUARDED_AVAILABILITY = YES_AGGRESSIVE;
				CLANG_WARN_UNREACHABLE_CODE = YES;
				CLANG_WARN__DUPLICATE_METHOD_MATCH = YES;
				CODE_SIGN_IDENTITY = "iPhone Developer";
				COPY_PHASE_STRIP = NO;
				DEBUG_INFORMATION_FORMAT = dwarf;
				ENABLE_STRICT_OBJC_MSGSEND = YES;
				ENABLE_TESTABILITY = YES;
				GCC_C_LANGUAGE_STANDARD = gnu11;
				GCC_DYNAMIC_NO_PIC = NO;
				GCC_NO_COMMON_BLOCKS = YES;
				GCC_OPTIMIZATION_LEVEL = 0;
				GCC_PREPROCESSOR_DEFINITIONS = (
					"DEBUG=1",
					"$(inherited)",
				);
				GCC_WARN_64_TO_32_BIT_CONVERSION = YES;
				GCC_WARN_ABOUT_RETURN_TYPE = YES_ERROR;
				GCC_WARN_UNDECLARED_SELECTOR = YES;
				GCC_WARN_UNINITIALIZED_AUTOS = YES_AGGRESSIVE;
				GCC_WARN_UNUSED_FUNCTION = YES;
				GCC_WARN_UNUSED_VARIABLE = YES;
				IPHONEOS_DEPLOYMENT_TARGET = 11.1;
				MTL_ENABLE_DEBUG_INFO = YES;
				ONLY_ACTIVE_ARCH = YES;
				SDKROOT = iphoneos;
				SWIFT_ACTIVE_COMPILATION_CONDITIONS = DEBUG;
				SWIFT_OPTIMIZATION_LEVEL = "-Onone";
			};
			name = Debug;
		};
		2FA8F5E5209B4D45000C6BB5 /* Release */ = {
			isa = XCBuildConfiguration;
			buildSettings = {
				ALWAYS_SEARCH_USER_PATHS = NO;
				CLANG_ANALYZER_NONNULL = YES;
				CLANG_ANALYZER_NUMBER_OBJECT_CONVERSION = YES_AGGRESSIVE;
				CLANG_CXX_LANGUAGE_STANDARD = "gnu++14";
				CLANG_CXX_LIBRARY = "libc++";
				CLANG_ENABLE_MODULES = YES;
				CLANG_ENABLE_OBJC_ARC = YES;
				CLANG_WARN_BLOCK_CAPTURE_AUTORELEASING = YES;
				CLANG_WARN_BOOL_CONVERSION = YES;
				CLANG_WARN_COMMA = YES;
				CLANG_WARN_CONSTANT_CONVERSION = YES;
				CLANG_WARN_DIRECT_OBJC_ISA_USAGE = YES_ERROR;
				CLANG_WARN_DOCUMENTATION_COMMENTS = YES;
				CLANG_WARN_EMPTY_BODY = YES;
				CLANG_WARN_ENUM_CONVERSION = YES;
				CLANG_WARN_INFINITE_RECURSION = YES;
				CLANG_WARN_INT_CONVERSION = YES;
				CLANG_WARN_NON_LITERAL_NULL_CONVERSION = YES;
				CLANG_WARN_OBJC_LITERAL_CONVERSION = YES;
				CLANG_WARN_OBJC_ROOT_CLASS = YES_ERROR;
				CLANG_WARN_RANGE_LOOP_ANALYSIS = YES;
				CLANG_WARN_STRICT_PROTOTYPES = YES;
				CLANG_WARN_SUSPICIOUS_MOVE = YES;
				CLANG_WARN_UNGUARDED_AVAILABILITY = YES_AGGRESSIVE;
				CLANG_WARN_UNREACHABLE_CODE = YES;
				CLANG_WARN__DUPLICATE_METHOD_MATCH = YES;
				CODE_SIGN_IDENTITY = "iPhone Developer";
				COPY_PHASE_STRIP = NO;
				DEBUG_INFORMATION_FORMAT = "dwarf-with-dsym";
				ENABLE_NS_ASSERTIONS = NO;
				ENABLE_STRICT_OBJC_MSGSEND = YES;
				GCC_C_LANGUAGE_STANDARD = gnu11;
				GCC_NO_COMMON_BLOCKS = YES;
				GCC_WARN_64_TO_32_BIT_CONVERSION = YES;
				GCC_WARN_ABOUT_RETURN_TYPE = YES_ERROR;
				GCC_WARN_UNDECLARED_SELECTOR = YES;
				GCC_WARN_UNINITIALIZED_AUTOS = YES_AGGRESSIVE;
				GCC_WARN_UNUSED_FUNCTION = YES;
				GCC_WARN_UNUSED_VARIABLE = YES;
				IPHONEOS_DEPLOYMENT_TARGET = 11.1;
				MTL_ENABLE_DEBUG_INFO = NO;
				SDKROOT = iphoneos;
				SWIFT_OPTIMIZATION_LEVEL = "-Owholemodule";
				VALIDATE_PRODUCT = YES;
			};
			name = Release;
		};
		2FA8F5E7209B4D45000C6BB5 /* Debug */ = {
			isa = XCBuildConfiguration;
			baseConfigurationReference = 232A8A5AB58CF32185C49299 /* Pods-Contact Manager.debug.xcconfig */;
			buildSettings = {
				ASSETCATALOG_COMPILER_APPICON_NAME = AppIcon;
				CODE_SIGN_STYLE = Automatic;
				DEVELOPMENT_TEAM = ZW34FBNU3U;
				INFOPLIST_FILE = "Contact Manager/Info.plist";
				IPHONEOS_DEPLOYMENT_TARGET = 10.0;
				LD_RUNPATH_SEARCH_PATHS = "$(inherited) @executable_path/Frameworks";
				PRODUCT_BUNDLE_IDENTIFIER = "vignesh.Contact-Manager";
				PRODUCT_NAME = "$(TARGET_NAME)";
				SWIFT_VERSION = 4.0;
				TARGETED_DEVICE_FAMILY = "1,2";
			};
			name = Debug;
		};
		2FA8F5E8209B4D45000C6BB5 /* Release */ = {
			isa = XCBuildConfiguration;
			baseConfigurationReference = 542ECB022C1F594F08FAE487 /* Pods-Contact Manager.release.xcconfig */;
			buildSettings = {
				ASSETCATALOG_COMPILER_APPICON_NAME = AppIcon;
				CODE_SIGN_STYLE = Automatic;
				DEVELOPMENT_TEAM = ZW34FBNU3U;
				INFOPLIST_FILE = "Contact Manager/Info.plist";
				IPHONEOS_DEPLOYMENT_TARGET = 10.0;
				LD_RUNPATH_SEARCH_PATHS = "$(inherited) @executable_path/Frameworks";
				PRODUCT_BUNDLE_IDENTIFIER = "vignesh.Contact-Manager";
				PRODUCT_NAME = "$(TARGET_NAME)";
				SWIFT_VERSION = 4.0;
				TARGETED_DEVICE_FAMILY = "1,2";
			};
			name = Release;
		};
/* End XCBuildConfiguration section */

/* Begin XCConfigurationList section */
		2FA8F5CF209B4D45000C6BB5 /* Build configuration list for PBXProject "Contact Manager" */ = {
			isa = XCConfigurationList;
			buildConfigurations = (
				2FA8F5E4209B4D45000C6BB5 /* Debug */,
				2FA8F5E5209B4D45000C6BB5 /* Release */,
			);
			defaultConfigurationIsVisible = 0;
			defaultConfigurationName = Release;
		};
		2FA8F5E6209B4D45000C6BB5 /* Build configuration list for PBXNativeTarget "Contact Manager" */ = {
			isa = XCConfigurationList;
			buildConfigurations = (
				2FA8F5E7209B4D45000C6BB5 /* Debug */,
				2FA8F5E8209B4D45000C6BB5 /* Release */,
			);
			defaultConfigurationIsVisible = 0;
			defaultConfigurationName = Release;
		};
/* End XCConfigurationList section */

/* Begin XCVersionGroup section */
		2F278EDD20A3626E00BBAD91 /* Model.xcdatamodeld */ = {
			isa = XCVersionGroup;
			children = (
				2F278EDE20A3626E00BBAD91 /* Model.xcdatamodel */,
			);
			currentVersion = 2F278EDE20A3626E00BBAD91 /* Model.xcdatamodel */;
			path = Model.xcdatamodeld;
			sourceTree = "<group>";
			versionGroupType = wrapper.xcdatamodel;
		};
/* End XCVersionGroup section */
	};
	rootObject = 2FA8F5CC209B4D45000C6BB5 /* Project object */;
}
